// !$*UTF8*$!
{
	archiveVersion = 1;
	classes = {
	};
	objectVersion = 50;
	objects = {

/* Begin PBXBuildFile section */
		69567602233174F6000C3AC1 /* AppDelegate.swift in Sources */ = {isa = PBXBuildFile; fileRef = 69567601233174F6000C3AC1 /* AppDelegate.swift */; };
		69567604233174F6000C3AC1 /* ViewController.swift in Sources */ = {isa = PBXBuildFile; fileRef = 69567603233174F6000C3AC1 /* ViewController.swift */; };
		69567607233174F6000C3AC1 /* Main.storyboard in Resources */ = {isa = PBXBuildFile; fileRef = 69567605233174F6000C3AC1 /* Main.storyboard */; };
		69567609233174F7000C3AC1 /* Assets.xcassets in Resources */ = {isa = PBXBuildFile; fileRef = 69567608233174F7000C3AC1 /* Assets.xcassets */; };
		6956760C233174F7000C3AC1 /* LaunchScreen.storyboard in Resources */ = {isa = PBXBuildFile; fileRef = 6956760A233174F7000C3AC1 /* LaunchScreen.storyboard */; };
		695676152331765D000C3AC1 /* InstagramLayout.swift in Sources */ = {isa = PBXBuildFile; fileRef = 695676142331765D000C3AC1 /* InstagramLayout.swift */; };
		69567618233177CA000C3AC1 /* InstagramCollCell.swift in Sources */ = {isa = PBXBuildFile; fileRef = 69567617233177CA000C3AC1 /* InstagramCollCell.swift */; };
		6956761A23318532000C3AC1 /* GridLayout.swift in Sources */ = {isa = PBXBuildFile; fileRef = 6956761923318532000C3AC1 /* GridLayout.swift */; };
/* End PBXBuildFile section */

/* Begin PBXFileReference section */
		695675FE233174F6000C3AC1 /* CustomCollectionView.app */ = {isa = PBXFileReference; explicitFileType = wrapper.application; includeInIndex = 0; path = CustomCollectionView.app; sourceTree = BUILT_PRODUCTS_DIR; };
		69567601233174F6000C3AC1 /* AppDelegate.swift */ = {isa = PBXFileReference; lastKnownFileType = sourcecode.swift; path = AppDelegate.swift; sourceTree = "<group>"; };
		69567603233174F6000C3AC1 /* ViewController.swift */ = {isa = PBXFileReference; lastKnownFileType = sourcecode.swift; path = ViewController.swift; sourceTree = "<group>"; };
		69567606233174F6000C3AC1 /* Base */ = {isa = PBXFileReference; lastKnownFileType = file.storyboard; name = Base; path = Base.lproj/Main.storyboard; sourceTree = "<group>"; };
		69567608233174F7000C3AC1 /* Assets.xcassets */ = {isa = PBXFileReference; lastKnownFileType = folder.assetcatalog; path = Assets.xcassets; sourceTree = "<group>"; };
		6956760B233174F7000C3AC1 /* Base */ = {isa = PBXFileReference; lastKnownFileType = file.storyboard; name = Base; path = Base.lproj/LaunchScreen.storyboard; sourceTree = "<group>"; };
		6956760D233174F7000C3AC1 /* Info.plist */ = {isa = PBXFileReference; lastKnownFileType = text.plist.xml; path = Info.plist; sourceTree = "<group>"; };
		695676142331765D000C3AC1 /* InstagramLayout.swift */ = {isa = PBXFileReference; lastKnownFileType = sourcecode.swift; path = InstagramLayout.swift; sourceTree = "<group>"; };
		69567617233177CA000C3AC1 /* InstagramCollCell.swift */ = {isa = PBXFileReference; lastKnownFileType = sourcecode.swift; path = InstagramCollCell.swift; sourceTree = "<group>"; };
		6956761923318532000C3AC1 /* GridLayout.swift */ = {isa = PBXFileReference; lastKnownFileType = sourcecode.swift; path = GridLayout.swift; sourceTree = "<group>"; };
/* End PBXFileReference section */

/* Begin PBXFrameworksBuildPhase section */
		695675FB233174F6000C3AC1 /* Frameworks */ = {
			isa = PBXFrameworksBuildPhase;
			buildActionMask = 2147483647;
			files = (
			);
			runOnlyForDeploymentPostprocessing = 0;
		};
/* End PBXFrameworksBuildPhase section */

/* Begin PBXGroup section */
		695675F5233174F5000C3AC1 = {
			isa = PBXGroup;
			children = (
				69567600233174F6000C3AC1 /* CustomCollectionView */,
				695675FF233174F6000C3AC1 /* Products */,
			);
			sourceTree = "<group>";
		};
		695675FF233174F6000C3AC1 /* Products */ = {
			isa = PBXGroup;
			children = (
				695675FE233174F6000C3AC1 /* CustomCollectionView.app */,
			);
			name = Products;
			sourceTree = "<group>";
		};
		69567600233174F6000C3AC1 /* CustomCollectionView */ = {
			isa = PBXGroup;
			children = (
				69567616233177AC000C3AC1 /* Views */,
				6956761323317621000C3AC1 /* Layouts */,
				69567601233174F6000C3AC1 /* AppDelegate.swift */,
				69567603233174F6000C3AC1 /* ViewController.swift */,
				69567605233174F6000C3AC1 /* Main.storyboard */,
				69567608233174F7000C3AC1 /* Assets.xcassets */,
				6956760A233174F7000C3AC1 /* LaunchScreen.storyboard */,
				6956760D233174F7000C3AC1 /* Info.plist */,
			);
			path = CustomCollectionView;
			sourceTree = "<group>";
		};
		6956761323317621000C3AC1 /* Layouts */ = {
			isa = PBXGroup;
			children = (
				695676142331765D000C3AC1 /* InstagramLayout.swift */,
				6956761923318532000C3AC1 /* GridLayout.swift */,
			);
			path = Layouts;
			sourceTree = "<group>";
		};
		69567616233177AC000C3AC1 /* Views */ = {
			isa = PBXGroup;
			children = (
				69567617233177CA000C3AC1 /* InstagramCollCell.swift */,
			);
			path = Views;
			sourceTree = "<group>";
		};
/* End PBXGroup section */

/* Begin PBXNativeTarget section */
		695675FD233174F6000C3AC1 /* CustomCollectionView */ = {
			isa = PBXNativeTarget;
			buildConfigurationList = 69567610233174F7000C3AC1 /* Build configuration list for PBXNativeTarget "CustomCollectionView" */;
			buildPhases = (
				695675FA233174F6000C3AC1 /* Sources */,
				695675FB233174F6000C3AC1 /* Frameworks */,
				695675FC233174F6000C3AC1 /* Resources */,
			);
			buildRules = (
			);
			dependencies = (
			);
			name = CustomCollectionView;
			productName = CustomCollectionView;
			productReference = 695675FE233174F6000C3AC1 /* CustomCollectionView.app */;
			productType = "com.apple.product-type.application";
		};
/* End PBXNativeTarget section */

/* Begin PBXProject section */
		695675F6233174F5000C3AC1 /* Project object */ = {
			isa = PBXProject;
			attributes = {
				LastSwiftUpdateCheck = 1030;
				LastUpgradeCheck = 1030;
				ORGANIZATIONNAME = islam;
				TargetAttributes = {
					695675FD233174F6000C3AC1 = {
						CreatedOnToolsVersion = 10.3;
					};
				};
			};
			buildConfigurationList = 695675F9233174F5000C3AC1 /* Build configuration list for PBXProject "CustomCollectionView" */;
			compatibilityVersion = "Xcode 9.3";
			developmentRegion = en;
			hasScannedForEncodings = 0;
			knownRegions = (
				en,
				Base,
			);
			mainGroup = 695675F5233174F5000C3AC1;
			productRefGroup = 695675FF233174F6000C3AC1 /* Products */;
			projectDirPath = "";
			projectRoot = "";
			targets = (
				695675FD233174F6000C3AC1 /* CustomCollectionView */,
			);
		};
/* End PBXProject section */

/* Begin PBXResourcesBuildPhase section */
		695675FC233174F6000C3AC1 /* Resources */ = {
			isa = PBXResourcesBuildPhase;
			buildActionMask = 2147483647;
			files = (
				6956760C233174F7000C3AC1 /* LaunchScreen.storyboard in Resources */,
				69567609233174F7000C3AC1 /* Assets.xcassets in Resources */,
				69567607233174F6000C3AC1 /* Main.storyboard in Resources */,
			);
			runOnlyForDeploymentPostprocessing = 0;
		};
/* End PBXResourcesBuildPhase section */

/* Begin PBXSourcesBuildPhase section */
		695675FA233174F6000C3AC1 /* Sources */ = {
			isa = PBXSourcesBuildPhase;
			buildActionMask = 2147483647;
			files = (
				69567604233174F6000C3AC1 /* ViewController.swift in Sources */,
				69567602233174F6000C3AC1 /* AppDelegate.swift in Sources */,
				6956761A23318532000C3AC1 /* GridLayout.swift in Sources */,
				69567618233177CA000C3AC1 /* InstagramCollCell.swift in Sources */,
				695676152331765D000C3AC1 /* InstagramLayout.swift in Sources */,
			);
			runOnlyForDeploymentPostprocessing = 0;
		};
/* End PBXSourcesBuildPhase section */

/* Begin PBXVariantGroup section */
		69567605233174F6000C3AC1 /* Main.storyboard */ = {
			isa = PBXVariantGroup;
			children = (
				69567606233174F6000C3AC1 /* Base */,
			);
			name = Main.storyboard;
			sourceTree = "<group>";
		};
		6956760A233174F7000C3AC1 /* LaunchScreen.storyboard */ = {
			isa = PBXVariantGroup;
			children = (
				6956760B233174F7000C3AC1 /* Base */,
			);
			name = LaunchScreen.storyboard;
			sourceTree = "<group>";
		};
/* End PBXVariantGroup section */

/* Begin XCBuildConfiguration section */
		6956760E233174F7000C3AC1 /* Debug */ = {
			isa = XCBuildConfiguration;
			buildSettings = {
				ALWAYS_SEARCH_USER_PATHS = NO;
				CLANG_ANALYZER_NONNULL = YES;
				CLANG_ANALYZER_NUMBER_OBJECT_CONVERSION = YES_AGGRESSIVE;
				CLANG_CXX_LANGUAGE_STANDARD = "gnu++14";
				CLANG_CXX_LIBRARY = "libc++";
				CLANG_ENABLE_MODULES = YES;
				CLANG_ENABLE_OBJC_ARC = YES;
				CLANG_ENABLE_OBJC_WEAK = YES;
				CLANG_WARN_BLOCK_CAPTURE_AUTORELEASING = YES;
				CLANG_WARN_BOOL_CONVERSION = YES;
				CLANG_WARN_COMMA = YES;
				CLANG_WARN_CONSTANT_CONVERSION = YES;
				CLANG_WARN_DEPRECATED_OBJC_IMPLEMENTATIONS = YES;
				CLANG_WARN_DIRECT_OBJC_ISA_USAGE = YES_ERROR;
				CLANG_WARN_DOCUMENTATION_COMMENTS = YES;
				CLANG_WARN_EMPTY_BODY = YES;
				CLANG_WARN_ENUM_CONVERSION = YES;
				CLANG_WARN_INFINITE_RECURSION = YES;
				CLANG_WARN_INT_CONVERSION = YES;
				CLANG_WARN_NON_LITERAL_NULL_CONVERSION = YES;
				CLANG_WARN_OBJC_IMPLICIT_RETAIN_SELF = YES;
				CLANG_WARN_OBJC_LITERAL_CONVERSION = YES;
				CLANG_WARN_OBJC_ROOT_CLASS = YES_ERROR;
				CLANG_WARN_RANGE_LOOP_ANALYSIS = YES;
				CLANG_WARN_STRICT_PROTOTYPES = YES;
				CLANG_WARN_SUSPICIOUS_MOVE = YES;
				CLANG_WARN_UNGUARDED_AVAILABILITY = YES_AGGRESSIVE;
				CLANG_WARN_UNREACHABLE_CODE = YES;
				CLANG_WARN__DUPLICATE_METHOD_MATCH = YES;
				CODE_SIGN_IDENTITY = "iPhone Developer";
				COPY_PHASE_STRIP = NO;
				DEBUG_INFORMATION_FORMAT = dwarf;
				ENABLE_STRICT_OBJC_MSGSEND = YES;
				ENABLE_TESTABILITY = YES;
				GCC_C_LANGUAGE_STANDARD = gnu11;
				GCC_DYNAMIC_NO_PIC = NO;
				GCC_NO_COMMON_BLOCKS = YES;
				GCC_OPTIMIZATION_LEVEL = 0;
				GCC_PREPROCESSOR_DEFINITIONS = (
					"DEBUG=1",
					"$(inherited)",
				);
				GCC_WARN_64_TO_32_BIT_CONVERSION = YES;
				GCC_WARN_ABOUT_RETURN_TYPE = YES_ERROR;
				GCC_WARN_UNDECLARED_SELECTOR = YES;
				GCC_WARN_UNINITIALIZED_AUTOS = YES_AGGRESSIVE;
				GCC_WARN_UNUSED_FUNCTION = YES;
				GCC_WARN_UNUSED_VARIABLE = YES;
				IPHONEOS_DEPLOYMENT_TARGET = 12.4;
				MTL_ENABLE_DEBUG_INFO = INCLUDE_SOURCE;
				MTL_FAST_MATH = YES;
				ONLY_ACTIVE_ARCH = YES;
				SDKROOT = iphoneos;
				SWIFT_ACTIVE_COMPILATION_CONDITIONS = DEBUG;
				SWIFT_OPTIMIZATION_LEVEL = "-Onone";
			};
			name = Debug;
		};
		6956760F233174F7000C3AC1 /* Release */ = {
			isa = XCBuildConfiguration;
			buildSettings = {
				ALWAYS_SEARCH_USER_PATHS = NO;
				CLANG_ANALYZER_NONNULL = YES;
				CLANG_ANALYZER_NUMBER_OBJECT_CONVERSION = YES_AGGRESSIVE;
				CLANG_CXX_LANGUAGE_STANDARD = "gnu++14";
				CLANG_CXX_LIBRARY = "libc++";
				CLANG_ENABLE_MODULES = YES;
				CLANG_ENABLE_OBJC_ARC = YES;
				CLANG_ENABLE_OBJC_WEAK = YES;
				CLANG_WARN_BLOCK_CAPTURE_AUTORELEASING = YES;
				CLANG_WARN_BOOL_CONVERSION = YES;
				CLANG_WARN_COMMA = YES;
				CLANG_WARN_CONSTANT_CONVERSION = YES;
				CLANG_WARN_DEPRECATED_OBJC_IMPLEMENTATIONS = YES;
				CLANG_WARN_DIRECT_OBJC_ISA_USAGE = YES_ERROR;
				CLANG_WARN_DOCUMENTATION_COMMENTS = YES;
				CLANG_WARN_EMPTY_BODY = YES;
				CLANG_WARN_ENUM_CONVERSION = YES;
				CLANG_WARN_INFINITE_RECURSION = YES;
				CLANG_WARN_INT_CONVERSION = YES;
				CLANG_WARN_NON_LITERAL_NULL_CONVERSION = YES;
				CLANG_WARN_OBJC_IMPLICIT_RETAIN_SELF = YES;
				CLANG_WARN_OBJC_LITERAL_CONVERSION = YES;
				CLANG_WARN_OBJC_ROOT_CLASS = YES_ERROR;
				CLANG_WARN_RANGE_LOOP_ANALYSIS = YES;
				CLANG_WARN_STRICT_PROTOTYPES = YES;
				CLANG_WARN_SUSPICIOUS_MOVE = YES;
				CLANG_WARN_UNGUARDED_AVAILABILITY = YES_AGGRESSIVE;
				CLANG_WARN_UNREACHABLE_CODE = YES;
				CLANG_WARN__DUPLICATE_METHOD_MATCH = YES;
				CODE_SIGN_IDENTITY = "iPhone Developer";
				COPY_PHASE_STRIP = NO;
				DEBUG_INFORMATION_FORMAT = "dwarf-with-dsym";
				ENABLE_NS_ASSERTIONS = NO;
				ENABLE_STRICT_OBJC_MSGSEND = YES;
				GCC_C_LANGUAGE_STANDARD = gnu11;
				GCC_NO_COMMON_BLOCKS = YES;
				GCC_WARN_64_TO_32_BIT_CONVERSION = YES;
				GCC_WARN_ABOUT_RETURN_TYPE = YES_ERROR;
				GCC_WARN_UNDECLARED_SELECTOR = YES;
				GCC_WARN_UNINITIALIZED_AUTOS = YES_AGGRESSIVE;
				GCC_WARN_UNUSED_FUNCTION = YES;
				GCC_WARN_UNUSED_VARIABLE = YES;
				IPHONEOS_DEPLOYMENT_TARGET = 12.4;
				MTL_ENABLE_DEBUG_INFO = NO;
				MTL_FAST_MATH = YES;
				SDKROOT = iphoneos;
				SWIFT_COMPILATION_MODE = wholemodule;
				SWIFT_OPTIMIZATION_LEVEL = "-O";
				VALIDATE_PRODUCT = YES;
			};
			name = Release;
		};
		69567611233174F7000C3AC1 /* Debug */ = {
			isa = XCBuildConfiguration;
			buildSettings = {
				ASSETCATALOG_COMPILER_APPICON_NAME = AppIcon;
				CODE_SIGN_STYLE = Automatic;
				DEVELOPMENT_TEAM = ME3XUBDVMA;
				INFOPLIST_FILE = CustomCollectionView/Info.plist;
				LD_RUNPATH_SEARCH_PATHS = (
					"$(inherited)",
					"@executable_path/Frameworks",
				);
				PRODUCT_BUNDLE_IDENTIFIER = com.islam.CustomCollectionView;
				PRODUCT_NAME = "$(TARGET_NAME)";
				SWIFT_VERSION = 5.0;
				TARGETED_DEVICE_FAMILY = "1,2";
			};
			name = Debug;
		};
		69567612233174F7000C3AC1 /* Release */ = {
			isa = XCBuildConfiguration;
			buildSettings = {
				ASSETCATALOG_COMPILER_APPICON_NAME = AppIcon;
				CODE_SIGN_STYLE = Automatic;
				DEVELOPMENT_TEAM = ME3XUBDVMA;
				INFOPLIST_FILE = CustomCollectionView/Info.plist;
				LD_RUNPATH_SEARCH_PATHS = (
					"$(inherited)",
					"@executable_path/Frameworks",
				);
				PRODUCT_BUNDLE_IDENTIFIER = com.islam.CustomCollectionView;
				PRODUCT_NAME = "$(TARGET_NAME)";
				SWIFT_VERSION = 5.0;
				TARGETED_DEVICE_FAMILY = "1,2";
			};
			name = Release;
		};
/* End XCBuildConfiguration section */

/* Begin XCConfigurationList section */
		695675F9233174F5000C3AC1 /* Build configuration list for PBXProject "CustomCollectionView" */ = {
			isa = XCConfigurationList;
			buildConfigurations = (
				6956760E233174F7000C3AC1 /* Debug */,
				6956760F233174F7000C3AC1 /* Release */,
			);
			defaultConfigurationIsVisible = 0;
			defaultConfigurationName = Release;
		};
		69567610233174F7000C3AC1 /* Build configuration list for PBXNativeTarget "CustomCollectionView" */ = {
			isa = XCConfigurationList;
			buildConfigurations = (
				69567611233174F7000C3AC1 /* Debug */,
				69567612233174F7000C3AC1 /* Release */,
			);
			defaultConfigurationIsVisible = 0;
			defaultConfigurationName = Release;
		};
/* End XCConfigurationList section */
	};
	rootObject = 695675F6233174F5000C3AC1 /* Project object */;
}
